// !$*UTF8*$!
{
	archiveVersion = 1;
	classes = {
	};
	objectVersion = 50;
	objects = {

/* Begin PBXBuildFile section */
		1F39ABF921645D5600ABA3B5 /* starfield.sks in Resources */ = {isa = PBXBuildFile; fileRef = 1F39ABF821645D5600ABA3B5 /* starfield.sks */; };
		1FE49382215C477C00C532DB /* AppDelegate.swift in Sources */ = {isa = PBXBuildFile; fileRef = 1FE49381215C477C00C532DB /* AppDelegate.swift */; };
		1FE49384215C477C00C532DB /* GameScene.sks in Resources */ = {isa = PBXBuildFile; fileRef = 1FE49383215C477C00C532DB /* GameScene.sks */; };
		1FE49386215C477C00C532DB /* Actions.sks in Resources */ = {isa = PBXBuildFile; fileRef = 1FE49385215C477C00C532DB /* Actions.sks */; };
		1FE49388215C477C00C532DB /* GameScene.swift in Sources */ = {isa = PBXBuildFile; fileRef = 1FE49387215C477C00C532DB /* GameScene.swift */; };
		1FE4938A215C477C00C532DB /* GameViewController.swift in Sources */ = {isa = PBXBuildFile; fileRef = 1FE49389215C477C00C532DB /* GameViewController.swift */; };
		1FE4938D215C477C00C532DB /* Main.storyboard in Resources */ = {isa = PBXBuildFile; fileRef = 1FE4938B215C477C00C532DB /* Main.storyboard */; };
		1FE4938F215C478400C532DB /* Assets.xcassets in Resources */ = {isa = PBXBuildFile; fileRef = 1FE4938E215C478400C532DB /* Assets.xcassets */; };
		1FE49392215C478400C532DB /* LaunchScreen.storyboard in Resources */ = {isa = PBXBuildFile; fileRef = 1FE49390215C478400C532DB /* LaunchScreen.storyboard */; };
/* End PBXBuildFile section */

/* Begin PBXFileReference section */
		1F39ABF821645D5600ABA3B5 /* starfield.sks */ = {isa = PBXFileReference; lastKnownFileType = file.sks; path = starfield.sks; sourceTree = "<group>"; };
		1FE4937E215C477C00C532DB /* Galactiverse.app */ = {isa = PBXFileReference; explicitFileType = wrapper.application; includeInIndex = 0; path = Galactiverse.app; sourceTree = BUILT_PRODUCTS_DIR; };
		1FE49381215C477C00C532DB /* AppDelegate.swift */ = {isa = PBXFileReference; lastKnownFileType = sourcecode.swift; path = AppDelegate.swift; sourceTree = "<group>"; };
		1FE49383215C477C00C532DB /* GameScene.sks */ = {isa = PBXFileReference; lastKnownFileType = file.sks; path = GameScene.sks; sourceTree = "<group>"; };
		1FE49385215C477C00C532DB /* Actions.sks */ = {isa = PBXFileReference; lastKnownFileType = file.sks; path = Actions.sks; sourceTree = "<group>"; };
		1FE49387215C477C00C532DB /* GameScene.swift */ = {isa = PBXFileReference; lastKnownFileType = sourcecode.swift; path = GameScene.swift; sourceTree = "<group>"; };
		1FE49389215C477C00C532DB /* GameViewController.swift */ = {isa = PBXFileReference; lastKnownFileType = sourcecode.swift; path = GameViewController.swift; sourceTree = "<group>"; };
		1FE4938C215C477C00C532DB /* Base */ = {isa = PBXFileReference; lastKnownFileType = file.storyboard; name = Base; path = Base.lproj/Main.storyboard; sourceTree = "<group>"; };
		1FE4938E215C478400C532DB /* Assets.xcassets */ = {isa = PBXFileReference; lastKnownFileType = folder.assetcatalog; path = Assets.xcassets; sourceTree = "<group>"; };
		1FE49391215C478400C532DB /* Base */ = {isa = PBXFileReference; lastKnownFileType = file.storyboard; name = Base; path = Base.lproj/LaunchScreen.storyboard; sourceTree = "<group>"; };
		1FE49393215C478400C532DB /* Info.plist */ = {isa = PBXFileReference; lastKnownFileType = text.plist.xml; path = Info.plist; sourceTree = "<group>"; };
/* End PBXFileReference section */

/* Begin PBXFrameworksBuildPhase section */
		1FE4937B215C477C00C532DB /* Frameworks */ = {
			isa = PBXFrameworksBuildPhase;
			buildActionMask = 2147483647;
			files = (
			);
			runOnlyForDeploymentPostprocessing = 0;
		};
/* End PBXFrameworksBuildPhase section */

/* Begin PBXGroup section */
		1FE49375215C477C00C532DB = {
			isa = PBXGroup;
			children = (
				1FE49380215C477C00C532DB /* Galactiverse */,
				1FE4937F215C477C00C532DB /* Products */,
			);
			sourceTree = "<group>";
		};
		1FE4937F215C477C00C532DB /* Products */ = {
			isa = PBXGroup;
			children = (
				1FE4937E215C477C00C532DB /* Galactiverse.app */,
			);
			name = Products;
			sourceTree = "<group>";
		};
		1FE49380215C477C00C532DB /* Galactiverse */ = {
			isa = PBXGroup;
			children = (
				1FE49381215C477C00C532DB /* AppDelegate.swift */,
				1FE49383215C477C00C532DB /* GameScene.sks */,
				1F39ABF821645D5600ABA3B5 /* starfield.sks */,
				1FE49385215C477C00C532DB /* Actions.sks */,
				1FE49387215C477C00C532DB /* GameScene.swift */,
				1FE49389215C477C00C532DB /* GameViewController.swift */,
				1FE4938B215C477C00C532DB /* Main.storyboard */,
				1FE4938E215C478400C532DB /* Assets.xcassets */,
				1FE49390215C478400C532DB /* LaunchScreen.storyboard */,
				1FE49393215C478400C532DB /* Info.plist */,
			);
			path = Galactiverse;
			sourceTree = "<group>";
		};
/* End PBXGroup section */

/* Begin PBXNativeTarget section */
		1FE4937D215C477C00C532DB /* Galactiverse */ = {
			isa = PBXNativeTarget;
			buildConfigurationList = 1FE49396215C478400C532DB /* Build configuration list for PBXNativeTarget "Galactiverse" */;
			buildPhases = (
				1FE4937A215C477C00C532DB /* Sources */,
				1FE4937B215C477C00C532DB /* Frameworks */,
				1FE4937C215C477C00C532DB /* Resources */,
			);
			buildRules = (
			);
			dependencies = (
			);
			name = Galactiverse;
			productName = Galactiverse;
			productReference = 1FE4937E215C477C00C532DB /* Galactiverse.app */;
			productType = "com.apple.product-type.application";
		};
/* End PBXNativeTarget section */

/* Begin PBXProject section */
		1FE49376215C477C00C532DB /* Project object */ = {
			isa = PBXProject;
			attributes = {
				LastSwiftUpdateCheck = 0940;
				LastUpgradeCheck = 0940;
				ORGANIZATIONNAME = "Jake Garcia";
				TargetAttributes = {
					1FE4937D215C477C00C532DB = {
						CreatedOnToolsVersion = 9.4.1;
						LastSwiftMigration = 1000;
					};
				};
			};
			buildConfigurationList = 1FE49379215C477C00C532DB /* Build configuration list for PBXProject "Galactiverse" */;
			compatibilityVersion = "Xcode 9.3";
			developmentRegion = en;
			hasScannedForEncodings = 0;
			knownRegions = (
				en,
				Base,
			);
			mainGroup = 1FE49375215C477C00C532DB;
			productRefGroup = 1FE4937F215C477C00C532DB /* Products */;
			projectDirPath = "";
			projectRoot = "";
			targets = (
				1FE4937D215C477C00C532DB /* Galactiverse */,
			);
		};
/* End PBXProject section */

/* Begin PBXResourcesBuildPhase section */
		1FE4937C215C477C00C532DB /* Resources */ = {
			isa = PBXResourcesBuildPhase;
			buildActionMask = 2147483647;
			files = (
				1FE4938D215C477C00C532DB /* Main.storyboard in Resources */,
				1FE49384215C477C00C532DB /* GameScene.sks in Resources */,
				1FE4938F215C478400C532DB /* Assets.xcassets in Resources */,
				1FE49392215C478400C532DB /* LaunchScreen.storyboard in Resources */,
				1F39ABF921645D5600ABA3B5 /* starfield.sks in Resources */,
				1FE49386215C477C00C532DB /* Actions.sks in Resources */,
			);
			runOnlyForDeploymentPostprocessing = 0;
		};
/* End PBXResourcesBuildPhase section */

/* Begin PBXSourcesBuildPhase section */
		1FE4937A215C477C00C532DB /* Sources */ = {
			isa = PBXSourcesBuildPhase;
			buildActionMask = 2147483647;
			files = (
				1FE49388215C477C00C532DB /* GameScene.swift in Sources */,
				1FE4938A215C477C00C532DB /* GameViewController.swift in Sources */,
				1FE49382215C477C00C532DB /* AppDelegate.swift in Sources */,
			);
			runOnlyForDeploymentPostprocessing = 0;
		};
/* End PBXSourcesBuildPhase section */

/* Begin PBXVariantGroup section */
		1FE4938B215C477C00C532DB /* Main.storyboard */ = {
			isa = PBXVariantGroup;
			children = (
				1FE4938C215C477C00C532DB /* Base */,
			);
			name = Main.storyboard;
			sourceTree = "<group>";
		};
		1FE49390215C478400C532DB /* LaunchScreen.storyboard */ = {
			isa = PBXVariantGroup;
			children = (
				1FE49391215C478400C532DB /* Base */,
			);
			name = LaunchScreen.storyboard;
			sourceTree = "<group>";
		};
/* End PBXVariantGroup section */

/* Begin XCBuildConfiguration section */
		1FE49394215C478400C532DB /* Debug */ = {
			isa = XCBuildConfiguration;
			buildSettings = {
				ALWAYS_SEARCH_USER_PATHS = NO;
				CLANG_ANALYZER_NONNULL = YES;
				CLANG_ANALYZER_NUMBER_OBJECT_CONVERSION = YES_AGGRESSIVE;
				CLANG_CXX_LANGUAGE_STANDARD = "gnu++14";
				CLANG_CXX_LIBRARY = "libc++";
				CLANG_ENABLE_MODULES = YES;
				CLANG_ENABLE_OBJC_ARC = YES;
				CLANG_ENABLE_OBJC_WEAK = YES;
				CLANG_WARN_BLOCK_CAPTURE_AUTORELEASING = YES;
				CLANG_WARN_BOOL_CONVERSION = YES;
				CLANG_WARN_COMMA = YES;
				CLANG_WARN_CONSTANT_CONVERSION = YES;
				CLANG_WARN_DEPRECATED_OBJC_IMPLEMENTATIONS = YES;
				CLANG_WARN_DIRECT_OBJC_ISA_USAGE = YES_ERROR;
				CLANG_WARN_DOCUMENTATION_COMMENTS = YES;
				CLANG_WARN_EMPTY_BODY = YES;
				CLANG_WARN_ENUM_CONVERSION = YES;
				CLANG_WARN_INFINITE_RECURSION = YES;
				CLANG_WARN_INT_CONVERSION = YES;
				CLANG_WARN_NON_LITERAL_NULL_CONVERSION = YES;
				CLANG_WARN_OBJC_IMPLICIT_RETAIN_SELF = YES;
				CLANG_WARN_OBJC_LITERAL_CONVERSION = YES;
				CLANG_WARN_OBJC_ROOT_CLASS = YES_ERROR;
				CLANG_WARN_RANGE_LOOP_ANALYSIS = YES;
				CLANG_WARN_STRICT_PROTOTYPES = YES;
				CLANG_WARN_SUSPICIOUS_MOVE = YES;
				CLANG_WARN_UNGUARDED_AVAILABILITY = YES_AGGRESSIVE;
				CLANG_WARN_UNREACHABLE_CODE = YES;
				CLANG_WARN__DUPLICATE_METHOD_MATCH = YES;
				CODE_SIGN_IDENTITY = "iPhone Developer";
				COPY_PHASE_STRIP = NO;
				DEBUG_INFORMATION_FORMAT = dwarf;
				ENABLE_STRICT_OBJC_MSGSEND = YES;
				ENABLE_TESTABILITY = YES;
				GCC_C_LANGUAGE_STANDARD = gnu11;
				GCC_DYNAMIC_NO_PIC = NO;
				GCC_NO_COMMON_BLOCKS = YES;
				GCC_OPTIMIZATION_LEVEL = 0;
				GCC_PREPROCESSOR_DEFINITIONS = (
					"DEBUG=1",
					"$(inherited)",
				);
				GCC_WARN_64_TO_32_BIT_CONVERSION = YES;
				GCC_WARN_ABOUT_RETURN_TYPE = YES_ERROR;
				GCC_WARN_UNDECLARED_SELECTOR = YES;
				GCC_WARN_UNINITIALIZED_AUTOS = YES_AGGRESSIVE;
				GCC_WARN_UNUSED_FUNCTION = YES;
				GCC_WARN_UNUSED_VARIABLE = YES;
				IPHONEOS_DEPLOYMENT_TARGET = 11.4;
				MTL_ENABLE_DEBUG_INFO = YES;
				ONLY_ACTIVE_ARCH = YES;
				SDKROOT = iphoneos;
				SWIFT_ACTIVE_COMPILATION_CONDITIONS = DEBUG;
				SWIFT_OPTIMIZATION_LEVEL = "-Onone";
			};
			name = Debug;
		};
		1FE49395215C478400C532DB /* Release */ = {
			isa = XCBuildConfiguration;
			buildSettings = {
				ALWAYS_SEARCH_USER_PATHS = NO;
				CLANG_ANALYZER_NONNULL = YES;
				CLANG_ANALYZER_NUMBER_OBJECT_CONVERSION = YES_AGGRESSIVE;
				CLANG_CXX_LANGUAGE_STANDARD = "gnu++14";
				CLANG_CXX_LIBRARY = "libc++";
				CLANG_ENABLE_MODULES = YES;
				CLANG_ENABLE_OBJC_ARC = YES;
				CLANG_ENABLE_OBJC_WEAK = YES;
				CLANG_WARN_BLOCK_CAPTURE_AUTORELEASING = YES;
				CLANG_WARN_BOOL_CONVERSION = YES;
				CLANG_WARN_COMMA = YES;
				CLANG_WARN_CONSTANT_CONVERSION = YES;
				CLANG_WARN_DEPRECATED_OBJC_IMPLEMENTATIONS = YES;
				CLANG_WARN_DIRECT_OBJC_ISA_USAGE = YES_ERROR;
				CLANG_WARN_DOCUMENTATION_COMMENTS = YES;
				CLANG_WARN_EMPTY_BODY = YES;
				CLANG_WARN_ENUM_CONVERSION = YES;
				CLANG_WARN_INFINITE_RECURSION = YES;
				CLANG_WARN_INT_CONVERSION = YES;
				CLANG_WARN_NON_LITERAL_NULL_CONVERSION = YES;
				CLANG_WARN_OBJC_IMPLICIT_RETAIN_SELF = YES;
				CLANG_WARN_OBJC_LITERAL_CONVERSION = YES;
				CLANG_WARN_OBJC_ROOT_CLASS = YES_ERROR;
				CLANG_WARN_RANGE_LOOP_ANALYSIS = YES;
				CLANG_WARN_STRICT_PROTOTYPES = YES;
				CLANG_WARN_SUSPICIOUS_MOVE = YES;
				CLANG_WARN_UNGUARDED_AVAILABILITY = YES_AGGRESSIVE;
				CLANG_WARN_UNREACHABLE_CODE = YES;
				CLANG_WARN__DUPLICATE_METHOD_MATCH = YES;
				CODE_SIGN_IDENTITY = "iPhone Developer";
				COPY_PHASE_STRIP = NO;
				DEBUG_INFORMATION_FORMAT = "dwarf-with-dsym";
				ENABLE_NS_ASSERTIONS = NO;
				ENABLE_STRICT_OBJC_MSGSEND = YES;
				GCC_C_LANGUAGE_STANDARD = gnu11;
				GCC_NO_COMMON_BLOCKS = YES;
				GCC_WARN_64_TO_32_BIT_CONVERSION = YES;
				GCC_WARN_ABOUT_RETURN_TYPE = YES_ERROR;
				GCC_WARN_UNDECLARED_SELECTOR = YES;
				GCC_WARN_UNINITIALIZED_AUTOS = YES_AGGRESSIVE;
				GCC_WARN_UNUSED_FUNCTION = YES;
				GCC_WARN_UNUSED_VARIABLE = YES;
				IPHONEOS_DEPLOYMENT_TARGET = 11.4;
				MTL_ENABLE_DEBUG_INFO = NO;
				SDKROOT = iphoneos;
				SWIFT_COMPILATION_MODE = wholemodule;
				SWIFT_OPTIMIZATION_LEVEL = "-O";
				VALIDATE_PRODUCT = YES;
			};
			name = Release;
		};
		1FE49397215C478400C532DB /* Debug */ = {
			isa = XCBuildConfiguration;
			buildSettings = {
				ASSETCATALOG_COMPILER_APPICON_NAME = AppIcon;
				CODE_SIGN_STYLE = Automatic;
				DEVELOPMENT_TEAM = P68NKZ4NT5;
				INFOPLIST_FILE = Galactiverse/Info.plist;
				LD_RUNPATH_SEARCH_PATHS = (
					"$(inherited)",
					"@executable_path/Frameworks",
				);
				PRODUCT_BUNDLE_IDENTIFIER = com.JakeGarcia.Galactiverse;
				PRODUCT_NAME = "$(TARGET_NAME)";
				SWIFT_VERSION = 4.2;
				TARGETED_DEVICE_FAMILY = "1,2";
			};
			name = Debug;
		};
		1FE49398215C478400C532DB /* Release */ = {
			isa = XCBuildConfiguration;
			buildSettings = {
				ASSETCATALOG_COMPILER_APPICON_NAME = AppIcon;
				CODE_SIGN_STYLE = Automatic;
				DEVELOPMENT_TEAM = P68NKZ4NT5;
				INFOPLIST_FILE = Galactiverse/Info.plist;
				LD_RUNPATH_SEARCH_PATHS = (
					"$(inherited)",
					"@executable_path/Frameworks",
				);
				PRODUCT_BUNDLE_IDENTIFIER = com.JakeGarcia.Galactiverse;
				PRODUCT_NAME = "$(TARGET_NAME)";
				SWIFT_VERSION = 4.2;
				TARGETED_DEVICE_FAMILY = "1,2";
			};
			name = Release;
		};
/* End XCBuildConfiguration section */

/* Begin XCConfigurationList section */
		1FE49379215C477C00C532DB /* Build configuration list for PBXProject "Galactiverse" */ = {
			isa = XCConfigurationList;
			buildConfigurations = (
				1FE49394215C478400C532DB /* Debug */,
				1FE49395215C478400C532DB /* Release */,
			);
			defaultConfigurationIsVisible = 0;
			defaultConfigurationName = Release;
		};
		1FE49396215C478400C532DB /* Build configuration list for PBXNativeTarget "Galactiverse" */ = {
			isa = XCConfigurationList;
			buildConfigurations = (
				1FE49397215C478400C532DB /* Debug */,
				1FE49398215C478400C532DB /* Release */,
			);
			defaultConfigurationIsVisible = 0;
			defaultConfigurationName = Release;
		};
/* End XCConfigurationList section */
	};
	rootObject = 1FE49376215C477C00C532DB /* Project object */;
}
